// !$*UTF8*$!
{
	archiveVersion = 1;
	classes = {
	};
	objectVersion = 46;
	objects = {

/* Begin PBXBuildFile section */
		29CF269F1C912D2100635BB9 /* AppDelegate.swift in Sources */ = {isa = PBXBuildFile; fileRef = 29CF269E1C912D2100635BB9 /* AppDelegate.swift */; };
		29CF26A41C912D2100635BB9 /* Main.storyboard in Resources */ = {isa = PBXBuildFile; fileRef = 29CF26A21C912D2100635BB9 /* Main.storyboard */; };
		29CF26A61C912D2100635BB9 /* Assets.xcassets in Resources */ = {isa = PBXBuildFile; fileRef = 29CF26A51C912D2100635BB9 /* Assets.xcassets */; };
		29CF26A91C912D2100635BB9 /* LaunchScreen.storyboard in Resources */ = {isa = PBXBuildFile; fileRef = 29CF26A71C912D2100635BB9 /* LaunchScreen.storyboard */; };
		29CF26BB1C912D7400635BB9 /* TwitterManager.swift in Sources */ = {isa = PBXBuildFile; fileRef = 29CF26B11C912D7400635BB9 /* TwitterManager.swift */; };
		29CF26BC1C912D7400635BB9 /* Tweet.swift in Sources */ = {isa = PBXBuildFile; fileRef = 29CF26B21C912D7400635BB9 /* Tweet.swift */; };
		29CF26BD1C912D7400635BB9 /* TimelineTableViewController.swift in Sources */ = {isa = PBXBuildFile; fileRef = 29CF26B31C912D7400635BB9 /* TimelineTableViewController.swift */; };
		29CF26BE1C912D7400635BB9 /* TimelineTableViewCell.xib in Resources */ = {isa = PBXBuildFile; fileRef = 29CF26B41C912D7400635BB9 /* TimelineTableViewCell.xib */; };
		29CF26BF1C912D7400635BB9 /* TimelineTableViewCell.swift in Sources */ = {isa = PBXBuildFile; fileRef = 29CF26B51C912D7400635BB9 /* TimelineTableViewCell.swift */; };
		29CF26C01C912D7400635BB9 /* Router.swift in Sources */ = {isa = PBXBuildFile; fileRef = 29CF26B61C912D7400635BB9 /* Router.swift */; };
		29CF26C11C912D7400635BB9 /* LoginViewController.swift in Sources */ = {isa = PBXBuildFile; fileRef = 29CF26B71C912D7400635BB9 /* LoginViewController.swift */; };
		29CF26C21C912D7400635BB9 /* Login.swift in Sources */ = {isa = PBXBuildFile; fileRef = 29CF26B81C912D7400635BB9 /* Login.swift */; };
		29CF26C31C912D7400635BB9 /* Account.swift in Sources */ = {isa = PBXBuildFile; fileRef = 29CF26B91C912D7400635BB9 /* Account.swift */; };
		29CF26C81C912E8D00635BB9 /* User.swift in Sources */ = {isa = PBXBuildFile; fileRef = 29CF26C71C912E8D00635BB9 /* User.swift */; };
		29CF27041C91873600635BB9 /* TimelineDataSource.swift in Sources */ = {isa = PBXBuildFile; fileRef = 29CF27031C91873600635BB9 /* TimelineDataSource.swift */; };
		29CF27061C91891300635BB9 /* TimelineDelegate.swift in Sources */ = {isa = PBXBuildFile; fileRef = 29CF27051C91891300635BB9 /* TimelineDelegate.swift */; };
		29EBF99D1CADA014007F5EED /* Timeline.swift in Sources */ = {isa = PBXBuildFile; fileRef = 29EBF99C1CADA014007F5EED /* Timeline.swift */; };
		95A1DD741CB3B35500B8CF61 /* DataType.swift in Sources */ = {isa = PBXBuildFile; fileRef = 95A1DD731CB3B35500B8CF61 /* DataType.swift */; };
		E560E018CB2F8FB5D00F5185 /* Pods.framework in Frameworks */ = {isa = PBXBuildFile; fileRef = 7A9AD6B69CBDAFA7E56C1FE3 /* Pods.framework */; };
/* End PBXBuildFile section */

/* Begin PBXFileReference section */
		295E9F021C9A7E170088A6A3 /* Konomi-Bridging-Header.h */ = {isa = PBXFileReference; lastKnownFileType = sourcecode.c.h; path = "Konomi-Bridging-Header.h"; sourceTree = "<group>"; };
		29CF269B1C912D2100635BB9 /* Konomi.app */ = {isa = PBXFileReference; explicitFileType = wrapper.application; includeInIndex = 0; path = Konomi.app; sourceTree = BUILT_PRODUCTS_DIR; };
		29CF269E1C912D2100635BB9 /* AppDelegate.swift */ = {isa = PBXFileReference; lastKnownFileType = sourcecode.swift; path = AppDelegate.swift; sourceTree = "<group>"; };
		29CF26A31C912D2100635BB9 /* Base */ = {isa = PBXFileReference; lastKnownFileType = file.storyboard; name = Base; path = Base.lproj/Main.storyboard; sourceTree = "<group>"; };
		29CF26A51C912D2100635BB9 /* Assets.xcassets */ = {isa = PBXFileReference; lastKnownFileType = folder.assetcatalog; path = Assets.xcassets; sourceTree = "<group>"; };
		29CF26A81C912D2100635BB9 /* Base */ = {isa = PBXFileReference; lastKnownFileType = file.storyboard; name = Base; path = Base.lproj/LaunchScreen.storyboard; sourceTree = "<group>"; };
		29CF26AA1C912D2100635BB9 /* Info.plist */ = {isa = PBXFileReference; lastKnownFileType = text.plist.xml; path = Info.plist; sourceTree = "<group>"; };
		29CF26B11C912D7400635BB9 /* TwitterManager.swift */ = {isa = PBXFileReference; fileEncoding = 4; lastKnownFileType = sourcecode.swift; path = TwitterManager.swift; sourceTree = "<group>"; };
		29CF26B21C912D7400635BB9 /* Tweet.swift */ = {isa = PBXFileReference; fileEncoding = 4; lastKnownFileType = sourcecode.swift; path = Tweet.swift; sourceTree = "<group>"; };
		29CF26B31C912D7400635BB9 /* TimelineTableViewController.swift */ = {isa = PBXFileReference; fileEncoding = 4; lastKnownFileType = sourcecode.swift; path = TimelineTableViewController.swift; sourceTree = "<group>"; };
		29CF26B41C912D7400635BB9 /* TimelineTableViewCell.xib */ = {isa = PBXFileReference; fileEncoding = 4; lastKnownFileType = file.xib; path = TimelineTableViewCell.xib; sourceTree = "<group>"; };
		29CF26B51C912D7400635BB9 /* TimelineTableViewCell.swift */ = {isa = PBXFileReference; fileEncoding = 4; lastKnownFileType = sourcecode.swift; path = TimelineTableViewCell.swift; sourceTree = "<group>"; };
		29CF26B61C912D7400635BB9 /* Router.swift */ = {isa = PBXFileReference; fileEncoding = 4; lastKnownFileType = sourcecode.swift; path = Router.swift; sourceTree = "<group>"; };
		29CF26B71C912D7400635BB9 /* LoginViewController.swift */ = {isa = PBXFileReference; fileEncoding = 4; lastKnownFileType = sourcecode.swift; path = LoginViewController.swift; sourceTree = "<group>"; };
		29CF26B81C912D7400635BB9 /* Login.swift */ = {isa = PBXFileReference; fileEncoding = 4; lastKnownFileType = sourcecode.swift; path = Login.swift; sourceTree = "<group>"; };
		29CF26B91C912D7400635BB9 /* Account.swift */ = {isa = PBXFileReference; fileEncoding = 4; lastKnownFileType = sourcecode.swift; path = Account.swift; sourceTree = "<group>"; };
		29CF26C71C912E8D00635BB9 /* User.swift */ = {isa = PBXFileReference; fileEncoding = 4; lastKnownFileType = sourcecode.swift; path = User.swift; sourceTree = "<group>"; };
		29CF27031C91873600635BB9 /* TimelineDataSource.swift */ = {isa = PBXFileReference; fileEncoding = 4; lastKnownFileType = sourcecode.swift; path = TimelineDataSource.swift; sourceTree = "<group>"; };
		29CF27051C91891300635BB9 /* TimelineDelegate.swift */ = {isa = PBXFileReference; fileEncoding = 4; lastKnownFileType = sourcecode.swift; path = TimelineDelegate.swift; sourceTree = "<group>"; };
		29EBF99C1CADA014007F5EED /* Timeline.swift */ = {isa = PBXFileReference; fileEncoding = 4; lastKnownFileType = sourcecode.swift; path = Timeline.swift; sourceTree = "<group>"; };
		29F7E62D6AE1D8F4BD8CFAC5 /* Pods.debug.xcconfig */ = {isa = PBXFileReference; includeInIndex = 1; lastKnownFileType = text.xcconfig; name = Pods.debug.xcconfig; path = "Pods/Target Support Files/Pods/Pods.debug.xcconfig"; sourceTree = "<group>"; };
		5F652FD29697AB82151BE055 /* Pods.release.xcconfig */ = {isa = PBXFileReference; includeInIndex = 1; lastKnownFileType = text.xcconfig; name = Pods.release.xcconfig; path = "Pods/Target Support Files/Pods/Pods.release.xcconfig"; sourceTree = "<group>"; };
		7A9AD6B69CBDAFA7E56C1FE3 /* Pods.framework */ = {isa = PBXFileReference; explicitFileType = wrapper.framework; includeInIndex = 0; path = Pods.framework; sourceTree = BUILT_PRODUCTS_DIR; };
		95A1DD731CB3B35500B8CF61 /* DataType.swift */ = {isa = PBXFileReference; fileEncoding = 4; lastKnownFileType = sourcecode.swift; path = DataType.swift; sourceTree = "<group>"; };
/* End PBXFileReference section */

/* Begin PBXFrameworksBuildPhase section */
		29CF26981C912D2100635BB9 /* Frameworks */ = {
			isa = PBXFrameworksBuildPhase;
			buildActionMask = 2147483647;
			files = (
				E560E018CB2F8FB5D00F5185 /* Pods.framework in Frameworks */,
			);
			runOnlyForDeploymentPostprocessing = 0;
		};
/* End PBXFrameworksBuildPhase section */

/* Begin PBXGroup section */
		0518828D51DB91535D0E728C /* Pods */ = {
			isa = PBXGroup;
			children = (
				29F7E62D6AE1D8F4BD8CFAC5 /* Pods.debug.xcconfig */,
				5F652FD29697AB82151BE055 /* Pods.release.xcconfig */,
			);
			name = Pods;
			sourceTree = "<group>";
		};
		29CF26921C912D2100635BB9 = {
			isa = PBXGroup;
			children = (
				29CF269D1C912D2100635BB9 /* Konomi */,
				29CF269C1C912D2100635BB9 /* Products */,
				0518828D51DB91535D0E728C /* Pods */,
				C11F19C8C1B7448100E233B3 /* Frameworks */,
			);
			sourceTree = "<group>";
		};
		29CF269C1C912D2100635BB9 /* Products */ = {
			isa = PBXGroup;
			children = (
				29CF269B1C912D2100635BB9 /* Konomi.app */,
			);
			name = Products;
			sourceTree = "<group>";
		};
		29CF269D1C912D2100635BB9 /* Konomi */ = {
			isa = PBXGroup;
			children = (
				29CF26C61C912D9A00635BB9 /* View */,
				29CF26C51C912D9200635BB9 /* Model */,
				29CF26C41C912D8000635BB9 /* DataModel */,
				29CF269E1C912D2100635BB9 /* AppDelegate.swift */,
				295E9F021C9A7E170088A6A3 /* Konomi-Bridging-Header.h */,
				29CF26A21C912D2100635BB9 /* Main.storyboard */,
				29CF26A51C912D2100635BB9 /* Assets.xcassets */,
				29CF26A71C912D2100635BB9 /* LaunchScreen.storyboard */,
				29CF26AA1C912D2100635BB9 /* Info.plist */,
			);
			path = Konomi;
			sourceTree = "<group>";
		};
		29CF26C41C912D8000635BB9 /* DataModel */ = {
			isa = PBXGroup;
			children = (
				29CF26C71C912E8D00635BB9 /* User.swift */,
				29CF26B21C912D7400635BB9 /* Tweet.swift */,
				29CF26B91C912D7400635BB9 /* Account.swift */,
				29EBF99C1CADA014007F5EED /* Timeline.swift */,
				95A1DD731CB3B35500B8CF61 /* DataType.swift */,
			);
			name = DataModel;
			sourceTree = "<group>";
		};
		29CF26C51C912D9200635BB9 /* Model */ = {
			isa = PBXGroup;
			children = (
				29CF26B61C912D7400635BB9 /* Router.swift */,
				29CF26B81C912D7400635BB9 /* Login.swift */,
				29CF26B11C912D7400635BB9 /* TwitterManager.swift */,
			);
			name = Model;
			sourceTree = "<group>";
		};
		29CF26C61C912D9A00635BB9 /* View */ = {
			isa = PBXGroup;
			children = (
				29CF26CA1C912EB700635BB9 /* Login */,
				29CF26C91C912EA900635BB9 /* TimeLine */,
			);
			name = View;
			sourceTree = "<group>";
		};
		29CF26C91C912EA900635BB9 /* TimeLine */ = {
			isa = PBXGroup;
			children = (
				29CF26B41C912D7400635BB9 /* TimelineTableViewCell.xib */,
				29CF26B51C912D7400635BB9 /* TimelineTableViewCell.swift */,
				29CF26B31C912D7400635BB9 /* TimelineTableViewController.swift */,
				29CF27051C91891300635BB9 /* TimelineDelegate.swift */,
				29CF27031C91873600635BB9 /* TimelineDataSource.swift */,
			);
			name = TimeLine;
			sourceTree = "<group>";
		};
		29CF26CA1C912EB700635BB9 /* Login */ = {
			isa = PBXGroup;
			children = (
				29CF26B71C912D7400635BB9 /* LoginViewController.swift */,
			);
			name = Login;
			sourceTree = "<group>";
		};
		C11F19C8C1B7448100E233B3 /* Frameworks */ = {
			isa = PBXGroup;
			children = (
				7A9AD6B69CBDAFA7E56C1FE3 /* Pods.framework */,
			);
			name = Frameworks;
			sourceTree = "<group>";
		};
/* End PBXGroup section */

/* Begin PBXNativeTarget section */
		29CF269A1C912D2100635BB9 /* Konomi */ = {
			isa = PBXNativeTarget;
			buildConfigurationList = 29CF26AD1C912D2100635BB9 /* Build configuration list for PBXNativeTarget "Konomi" */;
			buildPhases = (
				34E397ED736802E6CB0616B3 /* Check Pods Manifest.lock */,
				29CF26971C912D2100635BB9 /* Sources */,
				29CF26981C912D2100635BB9 /* Frameworks */,
				29CF26991C912D2100635BB9 /* Resources */,
				796594E7C68BFF8D7B2A722F /* Embed Pods Frameworks */,
				997ED865A351E8A35B9D86F4 /* Copy Pods Resources */,
			);
			buildRules = (
			);
			dependencies = (
			);
			name = Konomi;
			productName = Konomi;
			productReference = 29CF269B1C912D2100635BB9 /* Konomi.app */;
			productType = "com.apple.product-type.application";
		};
/* End PBXNativeTarget section */

/* Begin PBXProject section */
		29CF26931C912D2100635BB9 /* Project object */ = {
			isa = PBXProject;
			attributes = {
				LastSwiftUpdateCheck = 0720;
				LastUpgradeCheck = 0720;
				ORGANIZATIONNAME = "田中賢治";
				TargetAttributes = {
					29CF269A1C912D2100635BB9 = {
						CreatedOnToolsVersion = 7.2.1;
					};
				};
			};
			buildConfigurationList = 29CF26961C912D2100635BB9 /* Build configuration list for PBXProject "Konomi" */;
			compatibilityVersion = "Xcode 3.2";
			developmentRegion = English;
			hasScannedForEncodings = 0;
			knownRegions = (
				en,
				Base,
			);
			mainGroup = 29CF26921C912D2100635BB9;
			productRefGroup = 29CF269C1C912D2100635BB9 /* Products */;
			projectDirPath = "";
			projectRoot = "";
			targets = (
				29CF269A1C912D2100635BB9 /* Konomi */,
			);
		};
/* End PBXProject section */

/* Begin PBXResourcesBuildPhase section */
		29CF26991C912D2100635BB9 /* Resources */ = {
			isa = PBXResourcesBuildPhase;
			buildActionMask = 2147483647;
			files = (
				29CF26BE1C912D7400635BB9 /* TimelineTableViewCell.xib in Resources */,
				29CF26A91C912D2100635BB9 /* LaunchScreen.storyboard in Resources */,
				29CF26A61C912D2100635BB9 /* Assets.xcassets in Resources */,
				29CF26A41C912D2100635BB9 /* Main.storyboard in Resources */,
			);
			runOnlyForDeploymentPostprocessing = 0;
		};
/* End PBXResourcesBuildPhase section */

/* Begin PBXShellScriptBuildPhase section */
		34E397ED736802E6CB0616B3 /* Check Pods Manifest.lock */ = {
			isa = PBXShellScriptBuildPhase;
			buildActionMask = 2147483647;
			files = (
			);
			inputPaths = (
			);
			name = "Check Pods Manifest.lock";
			outputPaths = (
			);
			runOnlyForDeploymentPostprocessing = 0;
			shellPath = /bin/sh;
			shellScript = "diff \"${PODS_ROOT}/../Podfile.lock\" \"${PODS_ROOT}/Manifest.lock\" > /dev/null\nif [[ $? != 0 ]] ; then\n    cat << EOM\nerror: The sandbox is not in sync with the Podfile.lock. Run 'pod install' or update your CocoaPods installation.\nEOM\n    exit 1\nfi\n";
			showEnvVarsInLog = 0;
		};
		796594E7C68BFF8D7B2A722F /* Embed Pods Frameworks */ = {
			isa = PBXShellScriptBuildPhase;
			buildActionMask = 2147483647;
			files = (
			);
			inputPaths = (
			);
			name = "Embed Pods Frameworks";
			outputPaths = (
			);
			runOnlyForDeploymentPostprocessing = 0;
			shellPath = /bin/sh;
			shellScript = "\"${SRCROOT}/Pods/Target Support Files/Pods/Pods-frameworks.sh\"\n";
			showEnvVarsInLog = 0;
		};
		997ED865A351E8A35B9D86F4 /* Copy Pods Resources */ = {
			isa = PBXShellScriptBuildPhase;
			buildActionMask = 2147483647;
			files = (
			);
			inputPaths = (
			);
			name = "Copy Pods Resources";
			outputPaths = (
			);
			runOnlyForDeploymentPostprocessing = 0;
			shellPath = /bin/sh;
			shellScript = "\"${SRCROOT}/Pods/Target Support Files/Pods/Pods-resources.sh\"\n";
			showEnvVarsInLog = 0;
		};
/* End PBXShellScriptBuildPhase section */

/* Begin PBXSourcesBuildPhase section */
		29CF26971C912D2100635BB9 /* Sources */ = {
			isa = PBXSourcesBuildPhase;
			buildActionMask = 2147483647;
			files = (
				29CF26C11C912D7400635BB9 /* LoginViewController.swift in Sources */,
				29CF26C31C912D7400635BB9 /* Account.swift in Sources */,
				29CF26C21C912D7400635BB9 /* Login.swift in Sources */,
				29CF27061C91891300635BB9 /* TimelineDelegate.swift in Sources */,
				29CF26C01C912D7400635BB9 /* Router.swift in Sources */,
				29CF26BF1C912D7400635BB9 /* TimelineTableViewCell.swift in Sources */,
				29CF27041C91873600635BB9 /* TimelineDataSource.swift in Sources */,
				29CF26BC1C912D7400635BB9 /* Tweet.swift in Sources */,
				29CF26BB1C912D7400635BB9 /* TwitterManager.swift in Sources */,
				29CF269F1C912D2100635BB9 /* AppDelegate.swift in Sources */,
				29EBF99D1CADA014007F5EED /* Timeline.swift in Sources */,
				29CF26C81C912E8D00635BB9 /* User.swift in Sources */,
				29CF26BD1C912D7400635BB9 /* TimelineTableViewController.swift in Sources */,
				95A1DD741CB3B35500B8CF61 /* DataType.swift in Sources */,
			);
			runOnlyForDeploymentPostprocessing = 0;
		};
/* End PBXSourcesBuildPhase section */

/* Begin PBXVariantGroup section */
		29CF26A21C912D2100635BB9 /* Main.storyboard */ = {
			isa = PBXVariantGroup;
			children = (
				29CF26A31C912D2100635BB9 /* Base */,
			);
			name = Main.storyboard;
			sourceTree = "<group>";
		};
		29CF26A71C912D2100635BB9 /* LaunchScreen.storyboard */ = {
			isa = PBXVariantGroup;
			children = (
				29CF26A81C912D2100635BB9 /* Base */,
			);
			name = LaunchScreen.storyboard;
			sourceTree = "<group>";
		};
/* End PBXVariantGroup section */

/* Begin XCBuildConfiguration section */
		29CF26AB1C912D2100635BB9 /* Debug */ = {
			isa = XCBuildConfiguration;
			buildSettings = {
				ALWAYS_SEARCH_USER_PATHS = NO;
				CLANG_CXX_LANGUAGE_STANDARD = "gnu++0x";
				CLANG_CXX_LIBRARY = "libc++";
				CLANG_ENABLE_MODULES = YES;
				CLANG_ENABLE_OBJC_ARC = YES;
				CLANG_WARN_BOOL_CONVERSION = YES;
				CLANG_WARN_CONSTANT_CONVERSION = YES;
				CLANG_WARN_DIRECT_OBJC_ISA_USAGE = YES_ERROR;
				CLANG_WARN_EMPTY_BODY = YES;
				CLANG_WARN_ENUM_CONVERSION = YES;
				CLANG_WARN_INT_CONVERSION = YES;
				CLANG_WARN_OBJC_ROOT_CLASS = YES_ERROR;
				CLANG_WARN_UNREACHABLE_CODE = YES;
				CLANG_WARN__DUPLICATE_METHOD_MATCH = YES;
				"CODE_SIGN_IDENTITY[sdk=iphoneos*]" = "iPhone Developer";
				COPY_PHASE_STRIP = NO;
				DEBUG_INFORMATION_FORMAT = dwarf;
				ENABLE_STRICT_OBJC_MSGSEND = YES;
				ENABLE_TESTABILITY = YES;
				GCC_C_LANGUAGE_STANDARD = gnu99;
				GCC_DYNAMIC_NO_PIC = NO;
				GCC_NO_COMMON_BLOCKS = YES;
				GCC_OPTIMIZATION_LEVEL = 0;
				GCC_PREPROCESSOR_DEFINITIONS = (
					"DEBUG=1",
					"$(inherited)",
				);
				GCC_WARN_64_TO_32_BIT_CONVERSION = YES;
				GCC_WARN_ABOUT_RETURN_TYPE = YES_ERROR;
				GCC_WARN_UNDECLARED_SELECTOR = YES;
				GCC_WARN_UNINITIALIZED_AUTOS = YES_AGGRESSIVE;
				GCC_WARN_UNUSED_FUNCTION = YES;
				GCC_WARN_UNUSED_VARIABLE = YES;
				IPHONEOS_DEPLOYMENT_TARGET = 9.2;
				MTL_ENABLE_DEBUG_INFO = YES;
				ONLY_ACTIVE_ARCH = YES;
				SDKROOT = iphoneos;
				SWIFT_OPTIMIZATION_LEVEL = "-Onone";
			};
			name = Debug;
		};
		29CF26AC1C912D2100635BB9 /* Release */ = {
			isa = XCBuildConfiguration;
			buildSettings = {
				ALWAYS_SEARCH_USER_PATHS = NO;
				CLANG_CXX_LANGUAGE_STANDARD = "gnu++0x";
				CLANG_CXX_LIBRARY = "libc++";
				CLANG_ENABLE_MODULES = YES;
				CLANG_ENABLE_OBJC_ARC = YES;
				CLANG_WARN_BOOL_CONVERSION = YES;
				CLANG_WARN_CONSTANT_CONVERSION = YES;
				CLANG_WARN_DIRECT_OBJC_ISA_USAGE = YES_ERROR;
				CLANG_WARN_EMPTY_BODY = YES;
				CLANG_WARN_ENUM_CONVERSION = YES;
				CLANG_WARN_INT_CONVERSION = YES;
				CLANG_WARN_OBJC_ROOT_CLASS = YES_ERROR;
				CLANG_WARN_UNREACHABLE_CODE = YES;
				CLANG_WARN__DUPLICATE_METHOD_MATCH = YES;
				"CODE_SIGN_IDENTITY[sdk=iphoneos*]" = "iPhone Developer";
				COPY_PHASE_STRIP = NO;
				DEBUG_INFORMATION_FORMAT = "dwarf-with-dsym";
				ENABLE_NS_ASSERTIONS = NO;
				ENABLE_STRICT_OBJC_MSGSEND = YES;
				GCC_C_LANGUAGE_STANDARD = gnu99;
				GCC_NO_COMMON_BLOCKS = YES;
				GCC_WARN_64_TO_32_BIT_CONVERSION = YES;
				GCC_WARN_ABOUT_RETURN_TYPE = YES_ERROR;
				GCC_WARN_UNDECLARED_SELECTOR = YES;
				GCC_WARN_UNINITIALIZED_AUTOS = YES_AGGRESSIVE;
				GCC_WARN_UNUSED_FUNCTION = YES;
				GCC_WARN_UNUSED_VARIABLE = YES;
				IPHONEOS_DEPLOYMENT_TARGET = 9.2;
				MTL_ENABLE_DEBUG_INFO = NO;
				SDKROOT = iphoneos;
				VALIDATE_PRODUCT = YES;
			};
			name = Release;
		};
		29CF26AE1C912D2100635BB9 /* Debug */ = {
			isa = XCBuildConfiguration;
			baseConfigurationReference = 29F7E62D6AE1D8F4BD8CFAC5 /* Pods.debug.xcconfig */;
			buildSettings = {
				ASSETCATALOG_COMPILER_APPICON_NAME = AppIcon;
				INFOPLIST_FILE = Konomi/Info.plist;
				LD_RUNPATH_SEARCH_PATHS = "$(inherited) @executable_path/Frameworks";
				PRODUCT_BUNDLE_IDENTIFIER = com.ktanaka.Konomi;
				PRODUCT_NAME = "$(TARGET_NAME)";
				SWIFT_OBJC_BRIDGING_HEADER = "Konomi/Konomi-Bridging-Header.h";
			};
			name = Debug;
		};
		29CF26AF1C912D2100635BB9 /* Release */ = {
			isa = XCBuildConfiguration;
			baseConfigurationReference = 5F652FD29697AB82151BE055 /* Pods.release.xcconfig */;
			buildSettings = {
				ASSETCATALOG_COMPILER_APPICON_NAME = AppIcon;
				INFOPLIST_FILE = Konomi/Info.plist;
				LD_RUNPATH_SEARCH_PATHS = "$(inherited) @executable_path/Frameworks";
				PRODUCT_BUNDLE_IDENTIFIER = com.ktanaka.Konomi;
				PRODUCT_NAME = "$(TARGET_NAME)";
				SWIFT_OBJC_BRIDGING_HEADER = "Konomi/Konomi-Bridging-Header.h";
			};
			name = Release;
		};
/* End XCBuildConfiguration section */

/* Begin XCConfigurationList section */
		29CF26961C912D2100635BB9 /* Build configuration list for PBXProject "Konomi" */ = {
			isa = XCConfigurationList;
			buildConfigurations = (
				29CF26AB1C912D2100635BB9 /* Debug */,
				29CF26AC1C912D2100635BB9 /* Release */,
			);
			defaultConfigurationIsVisible = 0;
			defaultConfigurationName = Release;
		};
		29CF26AD1C912D2100635BB9 /* Build configuration list for PBXNativeTarget "Konomi" */ = {
			isa = XCConfigurationList;
			buildConfigurations = (
				29CF26AE1C912D2100635BB9 /* Debug */,
				29CF26AF1C912D2100635BB9 /* Release */,
			);
			defaultConfigurationIsVisible = 0;
			defaultConfigurationName = Release;
		};
/* End XCConfigurationList section */
	};
	rootObject = 29CF26931C912D2100635BB9 /* Project object */;
}
